<Solution>
  <Folder Name="/src/">
    <Project Path="src/LaypersonLogViewer.Core/LaypersonLogViewer.Core.csproj" />
    <Project Path="src/LaypersonLogViewer.App/LaypersonLogViewer.App.csproj" />
  </Folder>
  <Folder Name="/tests/">
    <Project Path="tests/LaypersonLogViewer.Tests/LaypersonLogViewer.Tests.csproj" />
  </Folder>
</Solution>
